
Microsoft Visual Studio Solution File, Format Version 12.00
# Visual Studio Version 17
VisualStudioVersion = 17.1.32414.318
MinimumVisualStudioVersion = 10.0.40219.1
Project("{FAE04EC0-301F-11D3-BF4B-00C04F79EFBC}") = "ROV", "ROV.csproj", "{5A75C6DE-2BC9-4408-8CB1-D477C14C7B82}"
EndProject
Global
	GlobalSection(SolutionConfigurationPlatforms) = preSolution
		Debug|Any CPU = Debug|Any CPU
		Release|Any CPU = Release|Any CPU
	EndGlobalSection
	GlobalSection(ProjectConfigurationPlatforms) = postSolution
		{5A75C6DE-2BC9-4408-8CB1-D477C14C7B82}.Debug|Any CPU.ActiveCfg = Debug|Any CPU
		{5A75C6DE-2BC9-4408-8CB1-D477C14C7B82}.Debug|Any CPU.Build.0 = Debug|Any CPU
		{5A75C6DE-2BC9-4408-8CB1-D477C14C7B82}.Release|Any CPU.ActiveCfg = Release|Any CPU
		{5A75C6DE-2BC9-4408-8CB1-D477C14C7B82}.Release|Any CPU.Build.0 = Release|Any CPU
	EndGlobalSection
	GlobalSection(SolutionProperties) = preSolution
		HideSolutionNode = FALSE
	EndGlobalSection
	GlobalSection(ExtensibilityGlobals) = postSolution
		SolutionGuid = {C12A8169-7A21-4554-8605-5D45A8D9A596}
	EndGlobalSection
EndGlobal
